
Microsoft Visual Studio Solution File, Format Version 12.00
# Visual Studio Version 17
VisualStudioVersion = 17.11.35327.3
MinimumVisualStudioVersion = 10.0.40219.1
Project("{FAE04EC0-301F-11D3-BF4B-00C04F79EFBC}") = "Calculadora_Basica", "Calculadora_Basica\Calculadora_Basica.csproj", "{EC4050FC-336F-4726-A453-59244E544082}"
EndProject
Global
	GlobalSection(SolutionConfigurationPlatforms) = preSolution
		Debug|Any CPU = Debug|Any CPU
		Release|Any CPU = Release|Any CPU
	EndGlobalSection
	GlobalSection(ProjectConfigurationPlatforms) = postSolution
		{EC4050FC-336F-4726-A453-59244E544082}.Debug|Any CPU.ActiveCfg = Debug|Any CPU
		{EC4050FC-336F-4726-A453-59244E544082}.Debug|Any CPU.Build.0 = Debug|Any CPU
		{EC4050FC-336F-4726-A453-59244E544082}.Release|Any CPU.ActiveCfg = Release|Any CPU
		{EC4050FC-336F-4726-A453-59244E544082}.Release|Any CPU.Build.0 = Release|Any CPU
	EndGlobalSection
	GlobalSection(SolutionProperties) = preSolution
		HideSolutionNode = FALSE
	EndGlobalSection
	GlobalSection(ExtensibilityGlobals) = postSolution
		SolutionGuid = {34B2B0F6-169A-44D9-B7E8-9E30999E9E64}
	EndGlobalSection
EndGlobal
